
Microsoft Visual Studio Solution File, Format Version 12.00
# Visual Studio Version 17
VisualStudioVersion = 17.3.32819.101
MinimumVisualStudioVersion = 10.0.40219.1
Project("{FAE04EC0-301F-11D3-BF4B-00C04F79EFBC}") = "SudokuChecker", "SudokuChecker\SudokuChecker.csproj", "{7D548495-6785-4A6E-AC69-538E5219F545}"
EndProject
Global
	GlobalSection(SolutionConfigurationPlatforms) = preSolution
		Debug|Any CPU = Debug|Any CPU
		Release|Any CPU = Release|Any CPU
	EndGlobalSection
	GlobalSection(ProjectConfigurationPlatforms) = postSolution
		{7D548495-6785-4A6E-AC69-538E5219F545}.Debug|Any CPU.ActiveCfg = Debug|Any CPU
		{7D548495-6785-4A6E-AC69-538E5219F545}.Debug|Any CPU.Build.0 = Debug|Any CPU
		{7D548495-6785-4A6E-AC69-538E5219F545}.Release|Any CPU.ActiveCfg = Release|Any CPU
		{7D548495-6785-4A6E-AC69-538E5219F545}.Release|Any CPU.Build.0 = Release|Any CPU
	EndGlobalSection
	GlobalSection(SolutionProperties) = preSolution
		HideSolutionNode = FALSE
	EndGlobalSection
	GlobalSection(ExtensibilityGlobals) = postSolution
		SolutionGuid = {AA264268-8858-4172-A523-CB17FB7DD049}
	EndGlobalSection
EndGlobal
